
Microsoft Visual Studio Solution File, Format Version 12.00
# Visual Studio Version 16
VisualStudioVersion = 16.0.31112.23
MinimumVisualStudioVersion = 10.0.40219.1
Project("{8BC9CEB8-8B4A-11D0-8D11-00A0C91BC942}") = "c++06函数", "c++06函数\c++06函数.vcxproj", "{70DE80D9-A5F7-40D7-ABEF-699C7E5E4CFD}"
EndProject
Global
	GlobalSection(SolutionConfigurationPlatforms) = preSolution
		Debug|x64 = Debug|x64
		Debug|x86 = Debug|x86
		Release|x64 = Release|x64
		Release|x86 = Release|x86
	EndGlobalSection
	GlobalSection(ProjectConfigurationPlatforms) = postSolution
		{70DE80D9-A5F7-40D7-ABEF-699C7E5E4CFD}.Debug|x64.ActiveCfg = Debug|x64
		{70DE80D9-A5F7-40D7-ABEF-699C7E5E4CFD}.Debug|x64.Build.0 = Debug|x64
		{70DE80D9-A5F7-40D7-ABEF-699C7E5E4CFD}.Debug|x86.ActiveCfg = Debug|Win32
		{70DE80D9-A5F7-40D7-ABEF-699C7E5E4CFD}.Debug|x86.Build.0 = Debug|Win32
		{70DE80D9-A5F7-40D7-ABEF-699C7E5E4CFD}.Release|x64.ActiveCfg = Release|x64
		{70DE80D9-A5F7-40D7-ABEF-699C7E5E4CFD}.Release|x64.Build.0 = Release|x64
		{70DE80D9-A5F7-40D7-ABEF-699C7E5E4CFD}.Release|x86.ActiveCfg = Release|Win32
		{70DE80D9-A5F7-40D7-ABEF-699C7E5E4CFD}.Release|x86.Build.0 = Release|Win32
	EndGlobalSection
	GlobalSection(SolutionProperties) = preSolution
		HideSolutionNode = FALSE
	EndGlobalSection
	GlobalSection(ExtensibilityGlobals) = postSolution
		SolutionGuid = {8FFAF489-F0F0-4953-BEE2-0304D29ADA49}
	EndGlobalSection
EndGlobal
